{
  "nodes": {
    "flake-compat": {
      "flake": false,
      "locked": {
        "lastModified": 1767039857,
        "narHash": "sha256-vNpUSpF5Nuw8xvDLj2KCwwksIbjua2LZCqhV1LNRDns=",
        "owner": "NixOS",
        "repo": "flake-compat",
        "rev": "5edf11c44bc78a0d334f6334cdaf7d60d732daab",
        "type": "github"
      },
      "original": {
        "owner": "NixOS",
        "repo": "flake-compat",
        "type": "github"
      }
    },
    "flake-parts": {
      "inputs": {
        "nixpkgs-lib": "nixpkgs-lib"
      },
      "locked": {
        "lastModified": 1778716662,
        "narHash": "sha256-m1Yf0wZ8j1OHjTc2UwHwyQRSnNeSgLJOd7q5Y45hzi4=",
        "owner": "hercules-ci",
        "repo": "flake-parts",
        "rev": "f7c1a2d347e4c52d5fb8d10cb4d94b5884e546fb",
        "type": "github"
      },
      "original": {
        "owner": "hercules-ci",
        "repo": "flake-parts",
        "type": "github"
      }
    },
    "flake-parts_2": {
      "inputs": {
        "nixpkgs-lib": "nixpkgs-lib_2"
      },
      "locked": {
        "lastModified": 1768135262,
        "narHash": "sha256-PVvu7OqHBGWN16zSi6tEmPwwHQ4rLPU9Plvs8/1TUBY=",
        "owner": "hercules-ci",
        "repo": "flake-parts",
        "rev": "80daad04eddbbf5a4d883996a73f3f542fa437ac",
        "type": "github"
      },
      "original": {
        "owner": "hercules-ci",
        "repo": "flake-parts",
        "type": "github"
      }
    },
    "flake-utils": {
      "inputs": {
        "systems": "systems"
      },
      "locked": {
        "lastModified": 1731533236,
        "narHash": "sha256-l0KFg5HjrsfsO/JpG+r7fRrqm12kzFHyUHqHCVpMMbI=",
        "owner": "numtide",
        "repo": "flake-utils",
        "rev": "11707dc2f618dd54ca8739b309ec4fc024de578b",
        "type": "github"
      },
      "original": {
        "owner": "numtide",
        "repo": "flake-utils",
        "type": "github"
      }
    },
    "git-hooks": {
      "inputs": {
        "flake-compat": "flake-compat",
        "gitignore": "gitignore",
        "nixpkgs": [
          "rustowl-flake",
          "nixpkgs"
        ]
      },
      "locked": {
        "lastModified": 1781733627,
        "narHash": "sha256-U3yTuGBnmXvXoQI3qkpfEDsn9RovQPAjN7ndRco+3u0=",
        "owner": "cachix",
        "repo": "git-hooks.nix",
        "rev": "3bbec39bc90eadfa031e6f3b77272f3f60803e39",
        "type": "github"
      },
      "original": {
        "owner": "cachix",
        "repo": "git-hooks.nix",
        "type": "github"
      }
    },
    "gitignore": {
      "inputs": {
        "nixpkgs": [
          "rustowl-flake",
          "git-hooks",
          "nixpkgs"
        ]
      },
      "locked": {
        "lastModified": 1709087332,
        "narHash": "sha256-HG2cCnktfHsKV0s4XW83gU3F57gaTljL9KNSuG6bnQs=",
        "owner": "hercules-ci",
        "repo": "gitignore.nix",
        "rev": "637db329424fd7e46cf4185293b9cc8c88c95394",
        "type": "github"
      },
      "original": {
        "owner": "hercules-ci",
        "repo": "gitignore.nix",
        "type": "github"
      }
    },
    "home-manager": {
      "inputs": {
        "nixpkgs": [
          "nixpkgs"
        ]
      },
      "locked": {
        "lastModified": 1782881387,
        "narHash": "sha256-HvlS1KDGXDjd1bNzzPvH1mkDJATlDAfVYfTh//wJBEA=",
        "owner": "nix-community",
        "repo": "home-manager",
        "rev": "d32537981c036473cf6990ae03176a5d84c43b29",
        "type": "github"
      },
      "original": {
        "owner": "nix-community",
        "repo": "home-manager",
        "type": "github"
      }
    },
    "home-manager_2": {
      "inputs": {
        "nixpkgs": [
          "stardew-modding",
          "nixpkgs"
        ]
      },
      "locked": {
        "lastModified": 1768248913,
        "narHash": "sha256-Kr45H5StnR9hgEhpKD8/BDZLvEpLVJb51lvIDQ9EC7U=",
        "owner": "nix-community",
        "repo": "home-manager",
        "rev": "360620ec9d5ffc186b5b1fca4c5f5b2e1634a5cf",
        "type": "github"
      },
      "original": {
        "owner": "nix-community",
        "ref": "master",
        "repo": "home-manager",
        "type": "github"
      }
    },
    "musnix": {
      "inputs": {
        "nixpkgs": "nixpkgs"
      },
      "locked": {
        "lastModified": 1777848538,
        "narHash": "sha256-Dj51C0NWsglqRrCpdmMr2nFiYacFOid1Tor4H9yG2HY=",
        "owner": "musnix",
        "repo": "musnix",
        "rev": "8548782f0d1d0928daa3fffde8a008f72219a3f3",
        "type": "github"
      },
      "original": {
        "owner": "musnix",
        "repo": "musnix",
        "type": "github"
      }
    },
    "nix-flatpak": {
      "locked": {
        "lastModified": 1767983141,
        "narHash": "sha256-7ZCulYUD9RmJIDULTRkGLSW1faMpDlPKcbWJLYHoXcs=",
        "owner": "gmodena",
        "repo": "nix-flatpak",
        "rev": "440818969ac2cbd77bfe025e884d0aa528991374",
        "type": "github"
      },
      "original": {
        "owner": "gmodena",
        "ref": "latest",
        "repo": "nix-flatpak",
        "type": "github"
      }
    },
    "nix-ld": {
      "inputs": {
        "nixpkgs": [
          "nixpkgs"
        ]
      },
      "locked": {
        "lastModified": 1781513248,
        "narHash": "sha256-YLeEcfvlQiNXP9bVoIwyB+NMjMxJmkwv/y+AP/7RWYo=",
        "owner": "Mic92",
        "repo": "nix-ld",
        "rev": "b320f5cb8b7f141c224c3631539cd0c45fcf7ee3",
        "type": "github"
      },
      "original": {
        "owner": "Mic92",
        "repo": "nix-ld",
        "type": "github"
      }
    },
    "nixpkgs": {
      "locked": {
        "lastModified": 1777268161,
        "narHash": "sha256-bxrdOn8SCOv8tN4JbTF/TXq7kjo9ag4M+C8yzzIRYbE=",
        "owner": "NixOS",
        "repo": "nixpkgs",
        "rev": "1c3fe55ad329cbcb28471bb30f05c9827f724c76",
        "type": "github"
      },
      "original": {
        "owner": "NixOS",
        "ref": "nixos-unstable",
        "repo": "nixpkgs",
        "type": "github"
      }
    },
    "nixpkgs-lib": {
      "locked": {
        "lastModified": 1777168982,
        "narHash": "sha256-GOkGPcboWE9BmGCRMLX3worL4EMnsnG8MyKmXNeYuhQ=",
        "owner": "nix-community",
        "repo": "nixpkgs.lib",
        "rev": "f5901329dade4a6ea039af1433fb087bd9c1fe14",
        "type": "github"
      },
      "original": {
        "owner": "nix-community",
        "repo": "nixpkgs.lib",
        "type": "github"
      }
    },
    "nixpkgs-lib_2": {
      "locked": {
        "lastModified": 1765674936,
        "narHash": "sha256-k00uTP4JNfmejrCLJOwdObYC9jHRrr/5M/a/8L2EIdo=",
        "owner": "nix-community",
        "repo": "nixpkgs.lib",
        "rev": "2075416fcb47225d9b68ac469a5c4801a9c4dd85",
        "type": "github"
      },
      "original": {
        "owner": "nix-community",
        "repo": "nixpkgs.lib",
        "type": "github"
      }
    },
    "nixpkgs-stable": {
      "locked": {
        "lastModified": 1782691344,
        "narHash": "sha256-i5nw9BYYsMDAaOC4J+JmTof6b2GhlyH076awYRNrTV8=",
        "owner": "nixos",
        "repo": "nixpkgs",
        "rev": "1f01958ffb5b3545c96d9ef2f4e24c5e5e1eb846",
        "type": "github"
      },
      "original": {
        "owner": "nixos",
        "ref": "nixos-26.05",
        "repo": "nixpkgs",
        "type": "github"
      }
    },
    "nixpkgs_2": {
      "locked": {
        "lastModified": 1782723713,
        "narHash": "sha256-oPXCU/SSUokcGaJREHibG1CBX3+s/W7orDWQOZDsEeQ=",
        "owner": "nixos",
        "repo": "nixpkgs",
        "rev": "b5aa0fbd538984f6e3d201be0005b4463d8b09f8",
        "type": "github"
      },
      "original": {
        "owner": "nixos",
        "ref": "nixos-unstable",
        "repo": "nixpkgs",
        "type": "github"
      }
    },
    "nixpkgs_3": {
      "locked": {
        "lastModified": 1782760764,
        "narHash": "sha256-N66fYdUuZ9hpdM7jsQ7CUWtLJduqGDyTGCaLR62CXaQ=",
        "owner": "NixOS",
        "repo": "nixpkgs",
        "rev": "7a1a64774a5fd0b0cd39ac95d0e170ace8b266a0",
        "type": "github"
      },
      "original": {
        "owner": "NixOS",
        "ref": "nixpkgs-unstable",
        "repo": "nixpkgs",
        "type": "github"
      }
    },
    "nixpkgs_4": {
      "locked": {
        "lastModified": 1744536153,
        "narHash": "sha256-awS2zRgF4uTwrOKwwiJcByDzDOdo3Q1rPZbiHQg/N38=",
        "owner": "NixOS",
        "repo": "nixpkgs",
        "rev": "18dd725c29603f582cf1900e0d25f9f1063dbf11",
        "type": "github"
      },
      "original": {
        "owner": "NixOS",
        "ref": "nixpkgs-unstable",
        "repo": "nixpkgs",
        "type": "github"
      }
    },
    "nixpkgs_5": {
      "locked": {
        "lastModified": 1782723713,
        "narHash": "sha256-oPXCU/SSUokcGaJREHibG1CBX3+s/W7orDWQOZDsEeQ=",
        "owner": "NixOS",
        "repo": "nixpkgs",
        "rev": "b5aa0fbd538984f6e3d201be0005b4463d8b09f8",
        "type": "github"
      },
      "original": {
        "owner": "NixOS",
        "ref": "nixos-unstable",
        "repo": "nixpkgs",
        "type": "github"
      }
    },
    "root": {
      "inputs": {
        "home-manager": "home-manager",
        "musnix": "musnix",
        "nix-flatpak": "nix-flatpak",
        "nix-ld": "nix-ld",
        "nixpkgs": "nixpkgs_2",
        "nixpkgs-stable": "nixpkgs-stable",
        "rustowl-flake": "rustowl-flake",
        "slskdn": "slskdn",
        "stardew-modding": "stardew-modding"
      }
    },
    "rust-overlay": {
      "inputs": {
        "nixpkgs": "nixpkgs_4"
      },
      "locked": {
        "lastModified": 1782789458,
        "narHash": "sha256-CR55gKCChD9ffN1Ag5az20Z3RD4tylHlcM1SSohkMA8=",
        "owner": "oxalica",
        "repo": "rust-overlay",
        "rev": "067959ef838c440558ca519cf08ca87f43c3db3a",
        "type": "github"
      },
      "original": {
        "owner": "oxalica",
        "repo": "rust-overlay",
        "type": "github"
      }
    },
    "rustowl": {
      "flake": false,
      "locked": {
        "lastModified": 1782791362,
        "narHash": "sha256-6uyc6zEB1qChqdJNzIBbJtP8PU/7hHKiIcfgOEizbqA=",
        "owner": "cordx56",
        "repo": "rustowl",
        "rev": "0d1baaab615f8ea26f4d0e431d245d1b2db4ff12",
        "type": "github"
      },
      "original": {
        "owner": "cordx56",
        "repo": "rustowl",
        "type": "github"
      }
    },
    "rustowl-flake": {
      "inputs": {
        "flake-parts": "flake-parts",
        "git-hooks": "git-hooks",
        "nixpkgs": "nixpkgs_3",
        "rust-overlay": "rust-overlay",
        "rustowl": "rustowl"
      },
      "locked": {
        "lastModified": 1782875074,
        "narHash": "sha256-XJbKBFLoPpobw4B+ZfCvvoMVGw2pQrLN5pKjM/yGPBY=",
        "owner": "nix-community",
        "repo": "rustowl-flake",
        "rev": "980b6d6b9fc1ba72eb63a140abae4db7c1230ea7",
        "type": "github"
      },
      "original": {
        "owner": "nix-community",
        "repo": "rustowl-flake",
        "type": "github"
      }
    },
    "slskdn": {
      "inputs": {
        "flake-utils": "flake-utils",
        "nixpkgs": "nixpkgs_5"
      },
      "locked": {
        "lastModified": 1782336563,
        "narHash": "sha256-4KGA346W5M5KE8e8/ZrCLST7E7QP6dANqAIpG+zJEBs=",
        "owner": "snapetech",
        "repo": "slskdn",
        "rev": "145a6ea90a0f8a9820d90fa25d65b3658add9112",
        "type": "github"
      },
      "original": {
        "owner": "snapetech",
        "repo": "slskdn",
        "type": "github"
      }
    },
    "stardew-modding": {
      "inputs": {
        "flake-parts": "flake-parts_2",
        "home-manager": "home-manager_2",
        "nixpkgs": [
          "nixpkgs"
        ]
      },
      "locked": {
        "lastModified": 1771870746,
        "narHash": "sha256-puQswDwbAh/rySUVwExZTs/yeCs8Ab3HRZiyQw4X3LA=",
        "owner": "Distracted-E421",
        "repo": "stardew-modding-nix",
        "rev": "5f150b5b2ecde1c5c55a2e6a03dbda5e4af079e8",
        "type": "github"
      },
      "original": {
        "owner": "Distracted-E421",
        "repo": "stardew-modding-nix",
        "type": "github"
      }
    },
    "systems": {
      "locked": {
        "lastModified": 1681028828,
        "narHash": "sha256-Vy1rq5AaRuLzOxct8nz4T6wlgyUR7zLU309k9mBC768=",
        "owner": "nix-systems",
        "repo": "default",
        "rev": "da67096a3b9bf56a91d16901293e51ba5b49a27e",
        "type": "github"
      },
      "original": {
        "owner": "nix-systems",
        "repo": "default",
        "type": "github"
      }
    }
  },
  "root": "root",
  "version": 7
}
