{
  "nodes": {
    "flake-compat": {
      "flake": false,
      "locked": {
        "lastModified": 1767039857,
        "narHash": "sha256-vNpUSpF5Nuw8xvDLj2KCwwksIbjua2LZCqhV1LNRDns=",
        "owner": "NixOS",
        "repo": "flake-compat",
        "rev": "5edf11c44bc78a0d334f6334cdaf7d60d732daab",
        "type": "github"
      },
      "original": {
        "owner": "NixOS",
        "repo": "flake-compat",
        "type": "github"
      }
    },
    "flake-parts": {
      "inputs": {
        "nixpkgs-lib": "nixpkgs-lib"
      },
      "locked": {
        "lastModified": 1772408722,
        "narHash": "sha256-rHuJtdcOjK7rAHpHphUb1iCvgkU3GpfvicLMwwnfMT0=",
        "owner": "hercules-ci",
        "repo": "flake-parts",
        "rev": "f20dc5d9b8027381c474144ecabc9034d6a839a3",
        "type": "github"
      },
      "original": {
        "owner": "hercules-ci",
        "repo": "flake-parts",
        "type": "github"
      }
    },
    "flake-parts_2": {
      "inputs": {
        "nixpkgs-lib": "nixpkgs-lib_2"
      },
      "locked": {
        "lastModified": 1768135262,
        "narHash": "sha256-PVvu7OqHBGWN16zSi6tEmPwwHQ4rLPU9Plvs8/1TUBY=",
        "owner": "hercules-ci",
        "repo": "flake-parts",
        "rev": "80daad04eddbbf5a4d883996a73f3f542fa437ac",
        "type": "github"
      },
      "original": {
        "owner": "hercules-ci",
        "repo": "flake-parts",
        "type": "github"
      }
    },
    "git-hooks": {
      "inputs": {
        "flake-compat": "flake-compat",
        "gitignore": "gitignore",
        "nixpkgs": [
          "rustowl-flake",
          "nixpkgs"
        ]
      },
      "locked": {
        "lastModified": 1772024342,
        "narHash": "sha256-+eXlIc4/7dE6EcPs9a2DaSY3fTA9AE526hGqkNID3Wg=",
        "owner": "cachix",
        "repo": "git-hooks.nix",
        "rev": "6e34e97ed9788b17796ee43ccdbaf871a5c2b476",
        "type": "github"
      },
      "original": {
        "owner": "cachix",
        "repo": "git-hooks.nix",
        "type": "github"
      }
    },
    "gitignore": {
      "inputs": {
        "nixpkgs": [
          "rustowl-flake",
          "git-hooks",
          "nixpkgs"
        ]
      },
      "locked": {
        "lastModified": 1709087332,
        "narHash": "sha256-HG2cCnktfHsKV0s4XW83gU3F57gaTljL9KNSuG6bnQs=",
        "owner": "hercules-ci",
        "repo": "gitignore.nix",
        "rev": "637db329424fd7e46cf4185293b9cc8c88c95394",
        "type": "github"
      },
      "original": {
        "owner": "hercules-ci",
        "repo": "gitignore.nix",
        "type": "github"
      }
    },
    "home-manager": {
      "inputs": {
        "nixpkgs": [
          "nixpkgs"
        ]
      },
      "locked": {
        "lastModified": 1772380461,
        "narHash": "sha256-O3ukj3Bb3V0Tiy/4LUfLlBpWypJ9P0JeUgsKl2nmZZY=",
        "owner": "nix-community",
        "repo": "home-manager",
        "rev": "f140aa04d7d14f8a50ab27f3691b5766b17ae961",
        "type": "github"
      },
      "original": {
        "owner": "nix-community",
        "repo": "home-manager",
        "type": "github"
      }
    },
    "home-manager_2": {
      "inputs": {
        "nixpkgs": [
          "stardew-modding",
          "nixpkgs"
        ]
      },
      "locked": {
        "lastModified": 1768248913,
        "narHash": "sha256-Kr45H5StnR9hgEhpKD8/BDZLvEpLVJb51lvIDQ9EC7U=",
        "owner": "nix-community",
        "repo": "home-manager",
        "rev": "360620ec9d5ffc186b5b1fca4c5f5b2e1634a5cf",
        "type": "github"
      },
      "original": {
        "owner": "nix-community",
        "ref": "master",
        "repo": "home-manager",
        "type": "github"
      }
    },
    "musnix": {
      "inputs": {
        "nixpkgs": "nixpkgs"
      },
      "locked": {
        "lastModified": 1767232402,
        "narHash": "sha256-li+h6crnhc5Zqs+M6pn7D7M0W9M63ECNennDjRgzioE=",
        "owner": "musnix",
        "repo": "musnix",
        "rev": "d65f98e0b1f792365f1705653d7b2d266ceeff6e",
        "type": "github"
      },
      "original": {
        "owner": "musnix",
        "repo": "musnix",
        "type": "github"
      }
    },
    "nix-flatpak": {
      "locked": {
        "lastModified": 1767983141,
        "narHash": "sha256-7ZCulYUD9RmJIDULTRkGLSW1faMpDlPKcbWJLYHoXcs=",
        "owner": "gmodena",
        "repo": "nix-flatpak",
        "rev": "440818969ac2cbd77bfe025e884d0aa528991374",
        "type": "github"
      },
      "original": {
        "owner": "gmodena",
        "ref": "latest",
        "repo": "nix-flatpak",
        "type": "github"
      }
    },
    "nix-ld": {
      "inputs": {
        "nixpkgs": [
          "nixpkgs"
        ]
      },
      "locked": {
        "lastModified": 1771232085,
        "narHash": "sha256-eznGLYfxj/lhJIQWyz3TdEJhyGXzJoub0EamKacLOH0=",
        "owner": "Mic92",
        "repo": "nix-ld",
        "rev": "25e84aaf955031b7573b6e6efecf64b0f4b27f8a",
        "type": "github"
      },
      "original": {
        "owner": "Mic92",
        "repo": "nix-ld",
        "type": "github"
      }
    },
    "nixpkgs": {
      "locked": {
        "lastModified": 1766902085,
        "narHash": "sha256-coBu0ONtFzlwwVBzmjacUQwj3G+lybcZ1oeNSQkgC0M=",
        "owner": "NixOS",
        "repo": "nixpkgs",
        "rev": "c0b0e0fddf73fd517c3471e546c0df87a42d53f4",
        "type": "github"
      },
      "original": {
        "owner": "NixOS",
        "ref": "nixos-unstable",
        "repo": "nixpkgs",
        "type": "github"
      }
    },
    "nixpkgs-lib": {
      "locked": {
        "lastModified": 1772328832,
        "narHash": "sha256-e+/T/pmEkLP6BHhYjx6GmwP5ivonQQn0bJdH9YrRB+Q=",
        "owner": "nix-community",
        "repo": "nixpkgs.lib",
        "rev": "c185c7a5e5dd8f9add5b2f8ebeff00888b070742",
        "type": "github"
      },
      "original": {
        "owner": "nix-community",
        "repo": "nixpkgs.lib",
        "type": "github"
      }
    },
    "nixpkgs-lib_2": {
      "locked": {
        "lastModified": 1765674936,
        "narHash": "sha256-k00uTP4JNfmejrCLJOwdObYC9jHRrr/5M/a/8L2EIdo=",
        "owner": "nix-community",
        "repo": "nixpkgs.lib",
        "rev": "2075416fcb47225d9b68ac469a5c4801a9c4dd85",
        "type": "github"
      },
      "original": {
        "owner": "nix-community",
        "repo": "nixpkgs.lib",
        "type": "github"
      }
    },
    "nixpkgs-stable": {
      "locked": {
        "lastModified": 1767313136,
        "narHash": "sha256-16KkgfdYqjaeRGBaYsNrhPRRENs0qzkQVUooNHtoy2w=",
        "owner": "nixos",
        "repo": "nixpkgs",
        "rev": "ac62194c3917d5f474c1a844b6fd6da2db95077d",
        "type": "github"
      },
      "original": {
        "owner": "nixos",
        "ref": "nixos-25.05",
        "repo": "nixpkgs",
        "type": "github"
      }
    },
    "nixpkgs_2": {
      "locked": {
        "lastModified": 1772198003,
        "narHash": "sha256-I45esRSssFtJ8p/gLHUZ1OUaaTaVLluNkABkk6arQwE=",
        "owner": "nixos",
        "repo": "nixpkgs",
        "rev": "dd9b079222d43e1943b6ebd802f04fd959dc8e61",
        "type": "github"
      },
      "original": {
        "owner": "nixos",
        "ref": "nixos-unstable",
        "repo": "nixpkgs",
        "type": "github"
      }
    },
    "nixpkgs_3": {
      "locked": {
        "lastModified": 1772173633,
        "narHash": "sha256-MOH58F4AIbCkh6qlQcwMycyk5SWvsqnS/TCfnqDlpj4=",
        "owner": "NixOS",
        "repo": "nixpkgs",
        "rev": "c0f3d81a7ddbc2b1332be0d8481a672b4f6004d6",
        "type": "github"
      },
      "original": {
        "owner": "NixOS",
        "ref": "nixpkgs-unstable",
        "repo": "nixpkgs",
        "type": "github"
      }
    },
    "nixpkgs_4": {
      "locked": {
        "lastModified": 1744536153,
        "narHash": "sha256-awS2zRgF4uTwrOKwwiJcByDzDOdo3Q1rPZbiHQg/N38=",
        "owner": "NixOS",
        "repo": "nixpkgs",
        "rev": "18dd725c29603f582cf1900e0d25f9f1063dbf11",
        "type": "github"
      },
      "original": {
        "owner": "NixOS",
        "ref": "nixpkgs-unstable",
        "repo": "nixpkgs",
        "type": "github"
      }
    },
    "root": {
      "inputs": {
        "home-manager": "home-manager",
        "musnix": "musnix",
        "nix-flatpak": "nix-flatpak",
        "nix-ld": "nix-ld",
        "nixpkgs": "nixpkgs_2",
        "nixpkgs-stable": "nixpkgs-stable",
        "rustowl-flake": "rustowl-flake",
        "stardew-modding": "stardew-modding"
      }
    },
    "rust-overlay": {
      "inputs": {
        "nixpkgs": "nixpkgs_4"
      },
      "locked": {
        "lastModified": 1772334676,
        "narHash": "sha256-Jrc0J3AH+iNJDlUze3+FJZv2R0BZnhANFnD52V4kyvI=",
        "owner": "oxalica",
        "repo": "rust-overlay",
        "rev": "9879be11f30fd3bbf848e653a7f991549e8973b5",
        "type": "github"
      },
      "original": {
        "owner": "oxalica",
        "repo": "rust-overlay",
        "type": "github"
      }
    },
    "rustowl": {
      "flake": false,
      "locked": {
        "lastModified": 1771901430,
        "narHash": "sha256-GXoR4v6sAOqhug4IR4ZhmtdiI9ekpRzOYIl3G5Qjx44=",
        "owner": "cordx56",
        "repo": "rustowl",
        "rev": "820baa82d53e558cc3a9e09a7b6c1a8c0da6b7f6",
        "type": "github"
      },
      "original": {
        "owner": "cordx56",
        "repo": "rustowl",
        "type": "github"
      }
    },
    "rustowl-flake": {
      "inputs": {
        "flake-parts": "flake-parts",
        "git-hooks": "git-hooks",
        "nixpkgs": "nixpkgs_3",
        "rust-overlay": "rust-overlay",
        "rustowl": "rustowl"
      },
      "locked": {
        "lastModified": 1772416088,
        "narHash": "sha256-pHlu6D04cydpfPTEeJuQ6ZiS1Y3xPXlA8eutua+sG5E=",
        "owner": "nix-community",
        "repo": "rustowl-flake",
        "rev": "7974f3e705af363277ae3f9f7d30adc8efd36d51",
        "type": "github"
      },
      "original": {
        "owner": "nix-community",
        "repo": "rustowl-flake",
        "type": "github"
      }
    },
    "stardew-modding": {
      "inputs": {
        "flake-parts": "flake-parts_2",
        "home-manager": "home-manager_2",
        "nixpkgs": [
          "nixpkgs"
        ]
      },
      "locked": {
        "lastModified": 1771870746,
        "narHash": "sha256-puQswDwbAh/rySUVwExZTs/yeCs8Ab3HRZiyQw4X3LA=",
        "owner": "Distracted-E421",
        "repo": "stardew-modding-nix",
        "rev": "5f150b5b2ecde1c5c55a2e6a03dbda5e4af079e8",
        "type": "github"
      },
      "original": {
        "owner": "Distracted-E421",
        "repo": "stardew-modding-nix",
        "type": "github"
      }
    }
  },
  "root": "root",
  "version": 7
}
